
Microsoft Visual Studio Solution File, Format Version 12.00
# Visual Studio Version 17
VisualStudioVersion = 17.9.34616.47
MinimumVisualStudioVersion = 10.0.40219.1
Project("{FAE04EC0-301F-11D3-BF4B-00C04F79EFBC}") = "Android Anderson", "Android Anderson.csproj", "{230C1205-90AD-45B7-9DA6-DDD072ED5D3C}"
EndProject
Global
	GlobalSection(SolutionConfigurationPlatforms) = preSolution
		Debug|Any CPU = Debug|Any CPU
		Release|Any CPU = Release|Any CPU
	EndGlobalSection
	GlobalSection(ProjectConfigurationPlatforms) = postSolution
		{230C1205-90AD-45B7-9DA6-DDD072ED5D3C}.Debug|Any CPU.ActiveCfg = Debug|Any CPU
		{230C1205-90AD-45B7-9DA6-DDD072ED5D3C}.Debug|Any CPU.Build.0 = Debug|Any CPU
		{230C1205-90AD-45B7-9DA6-DDD072ED5D3C}.Debug|Any CPU.Deploy.0 = Debug|Any CPU
		{230C1205-90AD-45B7-9DA6-DDD072ED5D3C}.Release|Any CPU.ActiveCfg = Release|Any CPU
		{230C1205-90AD-45B7-9DA6-DDD072ED5D3C}.Release|Any CPU.Build.0 = Release|Any CPU
		{230C1205-90AD-45B7-9DA6-DDD072ED5D3C}.Release|Any CPU.Deploy.0 = Release|Any CPU
	EndGlobalSection
	GlobalSection(SolutionProperties) = preSolution
		HideSolutionNode = FALSE
	EndGlobalSection
	GlobalSection(ExtensibilityGlobals) = postSolution
		SolutionGuid = {F7B9DAA0-3D84-4669-9BE3-D88F8802EE7D}
	EndGlobalSection
EndGlobal
